
Microsoft Visual Studio Solution File, Format Version 12.00
# Visual Studio Version 17
VisualStudioVersion = 17.7.34031.279
MinimumVisualStudioVersion = 10.0.40219.1
Project("{FAE04EC0-301F-11D3-BF4B-00C04F79EFBC}") = "The-Factory-Pattern", "The-Factory-Pattern\The-Factory-Pattern.csproj", "{6EF28CC1-767D-4D2E-95C4-C04AB3CC9886}"
EndProject
Global
	GlobalSection(SolutionConfigurationPlatforms) = preSolution
		Debug|Any CPU = Debug|Any CPU
		Release|Any CPU = Release|Any CPU
	EndGlobalSection
	GlobalSection(ProjectConfigurationPlatforms) = postSolution
		{6EF28CC1-767D-4D2E-95C4-C04AB3CC9886}.Debug|Any CPU.ActiveCfg = Debug|Any CPU
		{6EF28CC1-767D-4D2E-95C4-C04AB3CC9886}.Debug|Any CPU.Build.0 = Debug|Any CPU
		{6EF28CC1-767D-4D2E-95C4-C04AB3CC9886}.Release|Any CPU.ActiveCfg = Release|Any CPU
		{6EF28CC1-767D-4D2E-95C4-C04AB3CC9886}.Release|Any CPU.Build.0 = Release|Any CPU
	EndGlobalSection
	GlobalSection(SolutionProperties) = preSolution
		HideSolutionNode = FALSE
	EndGlobalSection
	GlobalSection(ExtensibilityGlobals) = postSolution
		SolutionGuid = {17B422A7-5A89-40C9-BBC0-81CECBBA9F1D}
	EndGlobalSection
EndGlobal
